<?xml version="1.0" encoding="UTF-8" standalone="yes" ?>
<CodeBlocks_project_file>
	<FileVersion major="1" minor="6" />
	<Project>
		<Option title="miniGimp-IMAC-JS" />
		<Option pch_mode="2" />
		<Option compiler="gcc" />
		<Build>
			<Target title="Debug">
				<Option output="bin/Debug/miniGimp-IMAC-JS" prefix_auto="1" extension_auto="1" />
				<Option object_output="obj/Debug/" />
				<Option type="1" />
				<Option compiler="gcc" />
				<Compiler>
					<Add option="-Wall" />
					<Add option="-pg" />
					<Add option="-g" />
					<Add directory="include" />
				</Compiler>
				<Linker>
					<Add option="-pg -lgmon" />
					<Add option="-lopengl32 -lglu32 -lfreeglut" />
				</Linker>
			</Target>
		</Build>
		<Compiler>
			<Add option="-Wall" />
		</Compiler>
		<Unit filename="include/Imagimp.h" />
		<Unit filename="include/PPM.h" />
		<Unit filename="include/blend.h" />
		<Unit filename="include/dliste.h" />
		<Unit filename="include/imagimp_dialog.h" />
		<Unit filename="include/imagimp_string.h" />
		<Unit filename="include/interface.h" />
		<Unit filename="include/layer.h" />
		<Unit filename="include/liste.h" />
		<Unit filename="include/outils.h" />
		<Unit filename="include/picture.h" />
		<Unit filename="include/pile.h" />
		<Unit filename="src/glimagimp/interface.c">
			<Option compilerVar="CC" />
		</Unit>
		<Unit filename="src/glimagimp/outils.c">
			<Option compilerVar="CC" />
		</Unit>
		<Unit filename="src/imagimp/Imagimp.c">
			<Option compilerVar="CC" />
		</Unit>
		<Unit filename="src/imagimp/PPM.c">
			<Option compilerVar="CC" />
		</Unit>
		<Unit filename="src/imagimp/blend.c">
			<Option compilerVar="CC" />
		</Unit>
		<Unit filename="src/imagimp/imagimp_dialog.c">
			<Option compilerVar="CC" />
		</Unit>
		<Unit filename="src/imagimp/imagimp_string.c">
			<Option compilerVar="CC" />
		</Unit>
		<Unit filename="src/imagimp/layer.c">
			<Option compilerVar="CC" />
		</Unit>
		<Unit filename="src/imagimp/main.c">
			<Option compilerVar="CC" />
		</Unit>
		<Unit filename="src/imagimp/picture.c">
			<Option compilerVar="CC" />
		</Unit>
		<Extensions>
			<code_completion />
			<envvars />
			<debugger />
		</Extensions>
	</Project>
</CodeBlocks_project_file>
